
Microsoft Visual Studio Solution File, Format Version 12.00
# Visual Studio 14
VisualStudioVersion = 14.0.24720.0
MinimumVisualStudioVersion = 10.0.40219.1
Project("{FAE04EC0-301F-11D3-BF4B-00C04F79EFBC}") = "TrichromySaturation", "TrichromySaturation\TrichromySaturation.csproj", "{944DB1D8-5C23-489B-83B3-FD98CBF7423B}"
EndProject
Global
	GlobalSection(SolutionConfigurationPlatforms) = preSolution
		Debug|ARM = Debug|ARM
		Debug|x64 = Debug|x64
		Debug|x86 = Debug|x86
		Release|ARM = Release|ARM
		Release|x64 = Release|x64
		Release|x86 = Release|x86
	EndGlobalSection
	GlobalSection(ProjectConfigurationPlatforms) = postSolution
		{944DB1D8-5C23-489B-83B3-FD98CBF7423B}.Debug|ARM.ActiveCfg = Debug|ARM
		{944DB1D8-5C23-489B-83B3-FD98CBF7423B}.Debug|ARM.Build.0 = Debug|ARM
		{944DB1D8-5C23-489B-83B3-FD98CBF7423B}.Debug|ARM.Deploy.0 = Debug|ARM
		{944DB1D8-5C23-489B-83B3-FD98CBF7423B}.Debug|x64.ActiveCfg = Debug|x64
		{944DB1D8-5C23-489B-83B3-FD98CBF7423B}.Debug|x64.Build.0 = Debug|x64
		{944DB1D8-5C23-489B-83B3-FD98CBF7423B}.Debug|x64.Deploy.0 = Debug|x64
		{944DB1D8-5C23-489B-83B3-FD98CBF7423B}.Debug|x86.ActiveCfg = Debug|x86
		{944DB1D8-5C23-489B-83B3-FD98CBF7423B}.Debug|x86.Build.0 = Debug|x86
		{944DB1D8-5C23-489B-83B3-FD98CBF7423B}.Debug|x86.Deploy.0 = Debug|x86
		{944DB1D8-5C23-489B-83B3-FD98CBF7423B}.Release|ARM.ActiveCfg = Release|ARM
		{944DB1D8-5C23-489B-83B3-FD98CBF7423B}.Release|ARM.Build.0 = Release|ARM
		{944DB1D8-5C23-489B-83B3-FD98CBF7423B}.Release|ARM.Deploy.0 = Release|ARM
		{944DB1D8-5C23-489B-83B3-FD98CBF7423B}.Release|x64.ActiveCfg = Release|x64
		{944DB1D8-5C23-489B-83B3-FD98CBF7423B}.Release|x64.Build.0 = Release|x64
		{944DB1D8-5C23-489B-83B3-FD98CBF7423B}.Release|x64.Deploy.0 = Release|x64
		{944DB1D8-5C23-489B-83B3-FD98CBF7423B}.Release|x86.ActiveCfg = Release|x86
		{944DB1D8-5C23-489B-83B3-FD98CBF7423B}.Release|x86.Build.0 = Release|x86
		{944DB1D8-5C23-489B-83B3-FD98CBF7423B}.Release|x86.Deploy.0 = Release|x86
	EndGlobalSection
	GlobalSection(SolutionProperties) = preSolution
		HideSolutionNode = FALSE
	EndGlobalSection
EndGlobal
